
Microsoft Visual Studio Solution File, Format Version 12.00
# Visual Studio Version 17
VisualStudioVersion = 17.4.33213.308
MinimumVisualStudioVersion = 10.0.40219.1
Project("{FAE04EC0-301F-11D3-BF4B-00C04F79EFBC}") = "POCTwilio", "POCTwilio\POCTwilio.csproj", "{9147BFF4-7363-4C62-8FF2-38C200996B46}"
EndProject
Global
	GlobalSection(SolutionConfigurationPlatforms) = preSolution
		Debug|Any CPU = Debug|Any CPU
		Release|Any CPU = Release|Any CPU
	EndGlobalSection
	GlobalSection(ProjectConfigurationPlatforms) = postSolution
		{9147BFF4-7363-4C62-8FF2-38C200996B46}.Debug|Any CPU.ActiveCfg = Debug|Any CPU
		{9147BFF4-7363-4C62-8FF2-38C200996B46}.Debug|Any CPU.Build.0 = Debug|Any CPU
		{9147BFF4-7363-4C62-8FF2-38C200996B46}.Release|Any CPU.ActiveCfg = Release|Any CPU
		{9147BFF4-7363-4C62-8FF2-38C200996B46}.Release|Any CPU.Build.0 = Release|Any CPU
	EndGlobalSection
	GlobalSection(SolutionProperties) = preSolution
		HideSolutionNode = FALSE
	EndGlobalSection
	GlobalSection(ExtensibilityGlobals) = postSolution
		SolutionGuid = {174AE93F-F011-445D-82C7-74ED4F7F6734}
	EndGlobalSection
EndGlobal
